
Microsoft Visual Studio Solution File, Format Version 12.00
# Visual Studio Version 16
VisualStudioVersion = 16.0.31321.278
MinimumVisualStudioVersion = 10.0.40219.1
Project("{FAE04EC0-301F-11D3-BF4B-00C04F79EFBC}") = "Biometric-Auth.Android", "Biometric-Auth.Android\Biometric-Auth.Android.csproj", "{995D3632-35CB-4226-81DE-A2EDE07B27D2}"
EndProject
Project("{FAE04EC0-301F-11D3-BF4B-00C04F79EFBC}") = "Biometric-Auth.iOS", "Biometric-Auth.iOS\Biometric-Auth.iOS.csproj", "{AE75880A-5F24-45BE-BA22-B7843B581558}"
EndProject
Project("{FAE04EC0-301F-11D3-BF4B-00C04F79EFBC}") = "Biometric-Auth", "Biometric-Auth\Biometric-Auth.csproj", "{C99A7D56-43A2-425E-9A41-03A0FCD1107B}"
EndProject
Global
	GlobalSection(SolutionConfigurationPlatforms) = preSolution
		Debug|Any CPU = Debug|Any CPU
		Debug|iPhone = Debug|iPhone
		Debug|iPhoneSimulator = Debug|iPhoneSimulator
		Release|Any CPU = Release|Any CPU
		Release|iPhone = Release|iPhone
		Release|iPhoneSimulator = Release|iPhoneSimulator
	EndGlobalSection
	GlobalSection(ProjectConfigurationPlatforms) = postSolution
		{995D3632-35CB-4226-81DE-A2EDE07B27D2}.Debug|Any CPU.ActiveCfg = Debug|Any CPU
		{995D3632-35CB-4226-81DE-A2EDE07B27D2}.Debug|Any CPU.Build.0 = Debug|Any CPU
		{995D3632-35CB-4226-81DE-A2EDE07B27D2}.Debug|Any CPU.Deploy.0 = Debug|Any CPU
		{995D3632-35CB-4226-81DE-A2EDE07B27D2}.Debug|iPhone.ActiveCfg = Debug|Any CPU
		{995D3632-35CB-4226-81DE-A2EDE07B27D2}.Debug|iPhone.Build.0 = Debug|Any CPU
		{995D3632-35CB-4226-81DE-A2EDE07B27D2}.Debug|iPhone.Deploy.0 = Debug|Any CPU
		{995D3632-35CB-4226-81DE-A2EDE07B27D2}.Debug|iPhoneSimulator.ActiveCfg = Debug|Any CPU
		{995D3632-35CB-4226-81DE-A2EDE07B27D2}.Debug|iPhoneSimulator.Build.0 = Debug|Any CPU
		{995D3632-35CB-4226-81DE-A2EDE07B27D2}.Debug|iPhoneSimulator.Deploy.0 = Debug|Any CPU
		{995D3632-35CB-4226-81DE-A2EDE07B27D2}.Release|Any CPU.ActiveCfg = Release|Any CPU
		{995D3632-35CB-4226-81DE-A2EDE07B27D2}.Release|Any CPU.Build.0 = Release|Any CPU
		{995D3632-35CB-4226-81DE-A2EDE07B27D2}.Release|Any CPU.Deploy.0 = Release|Any CPU
		{995D3632-35CB-4226-81DE-A2EDE07B27D2}.Release|iPhone.ActiveCfg = Release|Any CPU
		{995D3632-35CB-4226-81DE-A2EDE07B27D2}.Release|iPhone.Build.0 = Release|Any CPU
		{995D3632-35CB-4226-81DE-A2EDE07B27D2}.Release|iPhone.Deploy.0 = Release|Any CPU
		{995D3632-35CB-4226-81DE-A2EDE07B27D2}.Release|iPhoneSimulator.ActiveCfg = Release|Any CPU
		{995D3632-35CB-4226-81DE-A2EDE07B27D2}.Release|iPhoneSimulator.Build.0 = Release|Any CPU
		{995D3632-35CB-4226-81DE-A2EDE07B27D2}.Release|iPhoneSimulator.Deploy.0 = Release|Any CPU
		{AE75880A-5F24-45BE-BA22-B7843B581558}.Debug|Any CPU.ActiveCfg = Debug|iPhone
		{AE75880A-5F24-45BE-BA22-B7843B581558}.Debug|Any CPU.Build.0 = Debug|iPhone
		{AE75880A-5F24-45BE-BA22-B7843B581558}.Debug|Any CPU.Deploy.0 = Debug|iPhone
		{AE75880A-5F24-45BE-BA22-B7843B581558}.Debug|iPhone.ActiveCfg = Debug|iPhone
		{AE75880A-5F24-45BE-BA22-B7843B581558}.Debug|iPhone.Build.0 = Debug|iPhone
		{AE75880A-5F24-45BE-BA22-B7843B581558}.Debug|iPhone.Deploy.0 = Debug|iPhone
		{AE75880A-5F24-45BE-BA22-B7843B581558}.Debug|iPhoneSimulator.ActiveCfg = Debug|iPhoneSimulator
		{AE75880A-5F24-45BE-BA22-B7843B581558}.Debug|iPhoneSimulator.Build.0 = Debug|iPhoneSimulator
		{AE75880A-5F24-45BE-BA22-B7843B581558}.Debug|iPhoneSimulator.Deploy.0 = Debug|iPhoneSimulator
		{AE75880A-5F24-45BE-BA22-B7843B581558}.Release|Any CPU.ActiveCfg = Release|iPhoneSimulator
		{AE75880A-5F24-45BE-BA22-B7843B581558}.Release|Any CPU.Build.0 = Release|iPhoneSimulator
		{AE75880A-5F24-45BE-BA22-B7843B581558}.Release|Any CPU.Deploy.0 = Release|iPhoneSimulator
		{AE75880A-5F24-45BE-BA22-B7843B581558}.Release|iPhone.ActiveCfg = Release|iPhone
		{AE75880A-5F24-45BE-BA22-B7843B581558}.Release|iPhone.Build.0 = Release|iPhone
		{AE75880A-5F24-45BE-BA22-B7843B581558}.Release|iPhone.Deploy.0 = Release|iPhone
		{AE75880A-5F24-45BE-BA22-B7843B581558}.Release|iPhoneSimulator.ActiveCfg = Release|iPhoneSimulator
		{AE75880A-5F24-45BE-BA22-B7843B581558}.Release|iPhoneSimulator.Build.0 = Release|iPhoneSimulator
		{AE75880A-5F24-45BE-BA22-B7843B581558}.Release|iPhoneSimulator.Deploy.0 = Release|iPhoneSimulator
		{C99A7D56-43A2-425E-9A41-03A0FCD1107B}.Debug|Any CPU.ActiveCfg = Debug|Any CPU
		{C99A7D56-43A2-425E-9A41-03A0FCD1107B}.Debug|Any CPU.Build.0 = Debug|Any CPU
		{C99A7D56-43A2-425E-9A41-03A0FCD1107B}.Debug|Any CPU.Deploy.0 = Debug|Any CPU
		{C99A7D56-43A2-425E-9A41-03A0FCD1107B}.Debug|iPhone.ActiveCfg = Debug|Any CPU
		{C99A7D56-43A2-425E-9A41-03A0FCD1107B}.Debug|iPhone.Build.0 = Debug|Any CPU
		{C99A7D56-43A2-425E-9A41-03A0FCD1107B}.Debug|iPhone.Deploy.0 = Debug|Any CPU
		{C99A7D56-43A2-425E-9A41-03A0FCD1107B}.Debug|iPhoneSimulator.ActiveCfg = Debug|Any CPU
		{C99A7D56-43A2-425E-9A41-03A0FCD1107B}.Debug|iPhoneSimulator.Build.0 = Debug|Any CPU
		{C99A7D56-43A2-425E-9A41-03A0FCD1107B}.Debug|iPhoneSimulator.Deploy.0 = Debug|Any CPU
		{C99A7D56-43A2-425E-9A41-03A0FCD1107B}.Release|Any CPU.ActiveCfg = Release|Any CPU
		{C99A7D56-43A2-425E-9A41-03A0FCD1107B}.Release|Any CPU.Build.0 = Release|Any CPU
		{C99A7D56-43A2-425E-9A41-03A0FCD1107B}.Release|Any CPU.Deploy.0 = Release|Any CPU
		{C99A7D56-43A2-425E-9A41-03A0FCD1107B}.Release|iPhone.ActiveCfg = Release|Any CPU
		{C99A7D56-43A2-425E-9A41-03A0FCD1107B}.Release|iPhone.Build.0 = Release|Any CPU
		{C99A7D56-43A2-425E-9A41-03A0FCD1107B}.Release|iPhone.Deploy.0 = Release|Any CPU
		{C99A7D56-43A2-425E-9A41-03A0FCD1107B}.Release|iPhoneSimulator.ActiveCfg = Release|Any CPU
		{C99A7D56-43A2-425E-9A41-03A0FCD1107B}.Release|iPhoneSimulator.Build.0 = Release|Any CPU
		{C99A7D56-43A2-425E-9A41-03A0FCD1107B}.Release|iPhoneSimulator.Deploy.0 = Release|Any CPU
	EndGlobalSection
	GlobalSection(SolutionProperties) = preSolution
		HideSolutionNode = FALSE
	EndGlobalSection
	GlobalSection(ExtensibilityGlobals) = postSolution
		SolutionGuid = {F646CE41-035A-47AD-BF6D-27B368061685}
	EndGlobalSection
EndGlobal
